{
  "version": 4,
  "terraform_version": "0.12.2",
  "serial": 13,
  "lineage": "2ad3254f-bed6-c1e8-9c76-4c42218d6cf9",
  "outputs": {},
  "resources": [
    {
      "mode": "managed",
      "type": "aws_internet_gateway",
      "name": "internetGatewayTF",
      "provider": "provider.aws",
      "instances": [
        {
          "schema_version": 0,
          "attributes": {
            "id": "igw-0aa6e2f097b2a7af4",
            "owner_id": "227417268421",
            "tags": {
              "Name": "My InternetGatewayTF"
            },
            "vpc_id": "vpc-00226ebad106838d8"
          },
          "private": "bnVsbA==",
          "depends_on": [
            "aws_vpc.VPC_TF"
          ]
        }
      ]
    },
    {
      "mode": "managed",
      "type": "aws_route",
      "name": "publicRouteTF",
      "provider": "provider.aws",
      "instances": [
        {
          "schema_version": 0,
          "attributes": {
            "destination_cidr_block": "0.0.0.0/0",
            "destination_ipv6_cidr_block": null,
            "destination_prefix_list_id": "",
            "egress_only_gateway_id": "",
            "gateway_id": "igw-0aa6e2f097b2a7af4",
            "id": "r-rtb-0bd77f71669f731d01080289494",
            "instance_id": "",
            "instance_owner_id": "",
            "nat_gateway_id": "",
            "network_interface_id": "",
            "origin": "CreateRoute",
            "route_table_id": "rtb-0bd77f71669f731d0",
            "state": "active",
            "timeouts": null,
            "transit_gateway_id": "",
            "vpc_peering_connection_id": ""
          },
          "private": "eyJlMmJmYjczMC1lY2FhLTExZTYtOGY4OC0zNDM2M2JjN2M0YzAiOnsiY3JlYXRlIjoxMjAwMDAwMDAwMDAsImRlbGV0ZSI6MzAwMDAwMDAwMDAwfX0=",
          "depends_on": [
            "aws_internet_gateway.internetGatewayTF",
            "aws_route_table.routeTableTF"
          ]
        }
      ]
    },
    {
      "mode": "managed",
      "type": "aws_route_table",
      "name": "routeTableTF",
      "provider": "provider.aws",
      "instances": [
        {
          "schema_version": 0,
          "attributes": {
            "id": "rtb-0bd77f71669f731d0",
            "owner_id": "227417268421",
            "propagating_vgws": [],
            "route": [],
            "tags": {
              "Name": "My VPC Route TableTF"
            },
            "vpc_id": "vpc-00226ebad106838d8"
          },
          "private": "bnVsbA==",
          "depends_on": [
            "aws_vpc.VPC_TF"
          ]
        }
      ]
    },
    {
      "mode": "managed",
      "type": "aws_route_table_association",
      "name": "a",
      "provider": "provider.aws",
      "instances": [
        {
          "schema_version": 0,
          "attributes": {
            "id": "rtbassoc-06878e98faed12f8f",
            "route_table_id": "rtb-0bd77f71669f731d0",
            "subnet_id": "subnet-0896dadeaedecc532"
          },
          "private": "bnVsbA==",
          "depends_on": [
            "aws_route_table.routeTableTF",
            "aws_subnet.PublicSubnetTF1"
          ]
        }
      ]
    },
    {
      "mode": "managed",
      "type": "aws_route_table_association",
      "name": "b",
      "provider": "provider.aws",
      "instances": [
        {
          "schema_version": 0,
          "attributes": {
            "id": "rtbassoc-0e4334cf3380c766f",
            "route_table_id": "rtb-0bd77f71669f731d0",
            "subnet_id": "subnet-03314bc2547b0a59a"
          },
          "private": "bnVsbA==",
          "depends_on": [
            "aws_route_table.routeTableTF",
            "aws_subnet.PublicSubnetTF2"
          ]
        }
      ]
    },
    {
      "mode": "managed",
      "type": "aws_route_table_association",
      "name": "c",
      "provider": "provider.aws",
      "instances": [
        {
          "schema_version": 0,
          "attributes": {
            "id": "rtbassoc-0cc98acfd6ca5f006",
            "route_table_id": "rtb-0bd77f71669f731d0",
            "subnet_id": "subnet-076b8a034aa06cc94"
          },
          "private": "bnVsbA==",
          "depends_on": [
            "aws_route_table.routeTableTF",
            "aws_subnet.PublicSubnetTF3"
          ]
        }
      ]
    },
    {
      "mode": "managed",
      "type": "aws_subnet",
      "name": "PublicSubnetTF1",
      "provider": "provider.aws",
      "instances": [
        {
          "schema_version": 1,
          "attributes": {
            "arn": "arn:aws:ec2:us-east-1:227417268421:subnet/subnet-0896dadeaedecc532",
            "assign_ipv6_address_on_creation": false,
            "availability_zone": "us-east-1a",
            "availability_zone_id": "use1-az4",
            "cidr_block": "10.0.1.0/24",
            "id": "subnet-0896dadeaedecc532",
            "ipv6_cidr_block": "",
            "ipv6_cidr_block_association_id": "",
            "map_public_ip_on_launch": true,
            "owner_id": "227417268421",
            "tags": {
              "Name": "My VPC SubnetTF1"
            },
            "timeouts": null,
            "vpc_id": "vpc-00226ebad106838d8"
          },
          "private": "eyJlMmJmYjczMC1lY2FhLTExZTYtOGY4OC0zNDM2M2JjN2M0YzAiOnsiY3JlYXRlIjo2MDAwMDAwMDAwMDAsImRlbGV0ZSI6MTIwMDAwMDAwMDAwMH0sInNjaGVtYV92ZXJzaW9uIjoiMSJ9",
          "depends_on": [
            "aws_vpc.VPC_TF"
          ]
        }
      ]
    },
    {
      "mode": "managed",
      "type": "aws_subnet",
      "name": "PublicSubnetTF2",
      "provider": "provider.aws",
      "instances": [
        {
          "schema_version": 1,
          "attributes": {
            "arn": "arn:aws:ec2:us-east-1:227417268421:subnet/subnet-03314bc2547b0a59a",
            "assign_ipv6_address_on_creation": false,
            "availability_zone": "us-east-1b",
            "availability_zone_id": "use1-az6",
            "cidr_block": "10.0.2.0/24",
            "id": "subnet-03314bc2547b0a59a",
            "ipv6_cidr_block": "",
            "ipv6_cidr_block_association_id": "",
            "map_public_ip_on_launch": true,
            "owner_id": "227417268421",
            "tags": {
              "Name": "My VPC SubnetTF2"
            },
            "timeouts": null,
            "vpc_id": "vpc-00226ebad106838d8"
          },
          "private": "eyJlMmJmYjczMC1lY2FhLTExZTYtOGY4OC0zNDM2M2JjN2M0YzAiOnsiY3JlYXRlIjo2MDAwMDAwMDAwMDAsImRlbGV0ZSI6MTIwMDAwMDAwMDAwMH0sInNjaGVtYV92ZXJzaW9uIjoiMSJ9",
          "depends_on": [
            "aws_vpc.VPC_TF"
          ]
        }
      ]
    },
    {
      "mode": "managed",
      "type": "aws_subnet",
      "name": "PublicSubnetTF3",
      "provider": "provider.aws",
      "instances": [
        {
          "schema_version": 1,
          "attributes": {
            "arn": "arn:aws:ec2:us-east-1:227417268421:subnet/subnet-076b8a034aa06cc94",
            "assign_ipv6_address_on_creation": false,
            "availability_zone": "us-east-1c",
            "availability_zone_id": "use1-az1",
            "cidr_block": "10.0.3.0/24",
            "id": "subnet-076b8a034aa06cc94",
            "ipv6_cidr_block": "",
            "ipv6_cidr_block_association_id": "",
            "map_public_ip_on_launch": true,
            "owner_id": "227417268421",
            "tags": {
              "Name": "My VPC SubnetTF3"
            },
            "timeouts": null,
            "vpc_id": "vpc-00226ebad106838d8"
          },
          "private": "eyJlMmJmYjczMC1lY2FhLTExZTYtOGY4OC0zNDM2M2JjN2M0YzAiOnsiY3JlYXRlIjo2MDAwMDAwMDAwMDAsImRlbGV0ZSI6MTIwMDAwMDAwMDAwMH0sInNjaGVtYV92ZXJzaW9uIjoiMSJ9",
          "depends_on": [
            "aws_vpc.VPC_TF"
          ]
        }
      ]
    },
    {
      "mode": "managed",
      "type": "aws_vpc",
      "name": "VPC_TF",
      "provider": "provider.aws",
      "instances": [
        {
          "schema_version": 1,
          "attributes": {
            "arn": "arn:aws:ec2:us-east-1:227417268421:vpc/vpc-00226ebad106838d8",
            "assign_generated_ipv6_cidr_block": false,
            "cidr_block": "10.0.0.0/16",
            "default_network_acl_id": "acl-050f61c095be4512c",
            "default_route_table_id": "rtb-083c1dced9608b14c",
            "default_security_group_id": "sg-0862416078cd256af",
            "dhcp_options_id": "dopt-0261fbb96020bb246",
            "enable_classiclink": false,
            "enable_classiclink_dns_support": false,
            "enable_dns_hostnames": false,
            "enable_dns_support": true,
            "id": "vpc-00226ebad106838d8",
            "instance_tenancy": "default",
            "ipv6_association_id": "",
            "ipv6_cidr_block": "",
            "main_route_table_id": "rtb-083c1dced9608b14c",
            "owner_id": "227417268421",
            "tags": {
              "Name": "VPC_TF"
            }
          },
          "private": "eyJzY2hlbWFfdmVyc2lvbiI6IjEifQ=="
        }
      ]
    }
  ]
}
